
Microsoft Visual Studio Solution File, Format Version 12.00
# Visual Studio Version 17
VisualStudioVersion = 17.1.32228.430
MinimumVisualStudioVersion = 10.0.40219.1
Project("{9A19103F-16F7-4668-BE54-9A1E7A4F7556}") = "MinimalApi", "MinimalApi\MinimalApi.csproj", "{50CF78AB-178C-49FB-9C64-61D787E9F762}"
EndProject
Project("{9A19103F-16F7-4668-BE54-9A1E7A4F7556}") = "ClassicWebApi", "ClassicWebApi\ClassicWebApi.csproj", "{19386264-39A2-472A-8018-CDC9DE3B55CF}"
EndProject
Project("{9A19103F-16F7-4668-BE54-9A1E7A4F7556}") = "Data", "Data\Data.csproj", "{8E73581B-ED42-4CA3-88F8-05CB81EE36CE}"
EndProject
Global
	GlobalSection(SolutionConfigurationPlatforms) = preSolution
		Debug|Any CPU = Debug|Any CPU
		Release|Any CPU = Release|Any CPU
	EndGlobalSection
	GlobalSection(ProjectConfigurationPlatforms) = postSolution
		{50CF78AB-178C-49FB-9C64-61D787E9F762}.Debug|Any CPU.ActiveCfg = Debug|Any CPU
		{50CF78AB-178C-49FB-9C64-61D787E9F762}.Debug|Any CPU.Build.0 = Debug|Any CPU
		{50CF78AB-178C-49FB-9C64-61D787E9F762}.Release|Any CPU.ActiveCfg = Release|Any CPU
		{50CF78AB-178C-49FB-9C64-61D787E9F762}.Release|Any CPU.Build.0 = Release|Any CPU
		{19386264-39A2-472A-8018-CDC9DE3B55CF}.Debug|Any CPU.ActiveCfg = Debug|Any CPU
		{19386264-39A2-472A-8018-CDC9DE3B55CF}.Debug|Any CPU.Build.0 = Debug|Any CPU
		{19386264-39A2-472A-8018-CDC9DE3B55CF}.Release|Any CPU.ActiveCfg = Release|Any CPU
		{19386264-39A2-472A-8018-CDC9DE3B55CF}.Release|Any CPU.Build.0 = Release|Any CPU
		{8E73581B-ED42-4CA3-88F8-05CB81EE36CE}.Debug|Any CPU.ActiveCfg = Debug|Any CPU
		{8E73581B-ED42-4CA3-88F8-05CB81EE36CE}.Debug|Any CPU.Build.0 = Debug|Any CPU
		{8E73581B-ED42-4CA3-88F8-05CB81EE36CE}.Release|Any CPU.ActiveCfg = Release|Any CPU
		{8E73581B-ED42-4CA3-88F8-05CB81EE36CE}.Release|Any CPU.Build.0 = Release|Any CPU
	EndGlobalSection
	GlobalSection(SolutionProperties) = preSolution
		HideSolutionNode = FALSE
	EndGlobalSection
	GlobalSection(ExtensibilityGlobals) = postSolution
		SolutionGuid = {E42F40E6-C087-40D4-AF14-E12395EA51C0}
	EndGlobalSection
EndGlobal
